
Microsoft Visual Studio Solution File, Format Version 12.00
# Visual Studio 14
VisualStudioVersion = 14.0.23107.0
MinimumVisualStudioVersion = 10.0.40219.1
Project("{FAE04EC0-301F-11D3-BF4B-00C04F79EFBC}") = "BlogAggregator.API", "BlogAggregator.API\BlogAggregator.API.csproj", "{E3A9ED76-339D-442E-B1A7-7D88D18FF2B7}"
EndProject
Project("{FAE04EC0-301F-11D3-BF4B-00C04F79EFBC}") = "BlogAggregator.API.Tests", "BlogAggregator.API.Tests\BlogAggregator.API.Tests.csproj", "{22061915-4750-45A9-9B48-B3C491F636E2}"
EndProject
Project("{FAE04EC0-301F-11D3-BF4B-00C04F79EFBC}") = "BlogAggregator.Core", "BlogAggregator.Core\BlogAggregator.Core.csproj", "{E7C923FF-BF49-4867-8DBC-B42734024D83}"
EndProject
Project("{E24C65DC-7377-472B-9ABA-BC803B73C61A}") = "BlogAggregator.Web", "BlogAggregator.Web\", "{34DF7C89-7ED5-464D-9154-9BD823F5BB26}"
	ProjectSection(WebsiteProperties) = preProject
		TargetFrameworkMoniker = ".NETFramework,Version%3Dv4.0"
		Debug.AspNetCompiler.VirtualPath = "/localhost_51569"
		Debug.AspNetCompiler.PhysicalPath = "BlogAggregator.Web\"
		Debug.AspNetCompiler.TargetPath = "PrecompiledWeb\localhost_51569\"
		Debug.AspNetCompiler.Updateable = "true"
		Debug.AspNetCompiler.ForceOverwrite = "true"
		Debug.AspNetCompiler.FixedNames = "false"
		Debug.AspNetCompiler.Debug = "True"
		Release.AspNetCompiler.VirtualPath = "/localhost_51569"
		Release.AspNetCompiler.PhysicalPath = "BlogAggregator.Web\"
		Release.AspNetCompiler.TargetPath = "PrecompiledWeb\localhost_51569\"
		Release.AspNetCompiler.Updateable = "true"
		Release.AspNetCompiler.ForceOverwrite = "true"
		Release.AspNetCompiler.FixedNames = "false"
		Release.AspNetCompiler.Debug = "False"
		VWDPort = "51569"
		SlnRelativePath = "BlogAggregator.Web\"
	EndProjectSection
EndProject
Project("{FAE04EC0-301F-11D3-BF4B-00C04F79EFBC}") = "BlogAggregator.Data", "BlogAggregator.Data\BlogAggregator.Data.csproj", "{2E54C393-A777-48F8-8F2F-58B86B89A4D4}"
EndProject
Global
	GlobalSection(SolutionConfigurationPlatforms) = preSolution
		Debug|Any CPU = Debug|Any CPU
		Release|Any CPU = Release|Any CPU
	EndGlobalSection
	GlobalSection(ProjectConfigurationPlatforms) = postSolution
		{E3A9ED76-339D-442E-B1A7-7D88D18FF2B7}.Debug|Any CPU.ActiveCfg = Debug|Any CPU
		{E3A9ED76-339D-442E-B1A7-7D88D18FF2B7}.Debug|Any CPU.Build.0 = Debug|Any CPU
		{E3A9ED76-339D-442E-B1A7-7D88D18FF2B7}.Release|Any CPU.ActiveCfg = Release|Any CPU
		{E3A9ED76-339D-442E-B1A7-7D88D18FF2B7}.Release|Any CPU.Build.0 = Release|Any CPU
		{22061915-4750-45A9-9B48-B3C491F636E2}.Debug|Any CPU.ActiveCfg = Debug|Any CPU
		{22061915-4750-45A9-9B48-B3C491F636E2}.Debug|Any CPU.Build.0 = Debug|Any CPU
		{22061915-4750-45A9-9B48-B3C491F636E2}.Release|Any CPU.ActiveCfg = Release|Any CPU
		{22061915-4750-45A9-9B48-B3C491F636E2}.Release|Any CPU.Build.0 = Release|Any CPU
		{E7C923FF-BF49-4867-8DBC-B42734024D83}.Debug|Any CPU.ActiveCfg = Debug|Any CPU
		{E7C923FF-BF49-4867-8DBC-B42734024D83}.Debug|Any CPU.Build.0 = Debug|Any CPU
		{E7C923FF-BF49-4867-8DBC-B42734024D83}.Release|Any CPU.ActiveCfg = Release|Any CPU
		{E7C923FF-BF49-4867-8DBC-B42734024D83}.Release|Any CPU.Build.0 = Release|Any CPU
		{34DF7C89-7ED5-464D-9154-9BD823F5BB26}.Debug|Any CPU.ActiveCfg = Debug|Any CPU
		{34DF7C89-7ED5-464D-9154-9BD823F5BB26}.Debug|Any CPU.Build.0 = Debug|Any CPU
		{34DF7C89-7ED5-464D-9154-9BD823F5BB26}.Release|Any CPU.ActiveCfg = Debug|Any CPU
		{34DF7C89-7ED5-464D-9154-9BD823F5BB26}.Release|Any CPU.Build.0 = Debug|Any CPU
		{2E54C393-A777-48F8-8F2F-58B86B89A4D4}.Debug|Any CPU.ActiveCfg = Debug|Any CPU
		{2E54C393-A777-48F8-8F2F-58B86B89A4D4}.Debug|Any CPU.Build.0 = Debug|Any CPU
		{2E54C393-A777-48F8-8F2F-58B86B89A4D4}.Release|Any CPU.ActiveCfg = Release|Any CPU
		{2E54C393-A777-48F8-8F2F-58B86B89A4D4}.Release|Any CPU.Build.0 = Release|Any CPU
	EndGlobalSection
	GlobalSection(SolutionProperties) = preSolution
		HideSolutionNode = FALSE
	EndGlobalSection
EndGlobal
